// !$*UTF8*$!
{
	archiveVersion = 1;
	classes = {
	};
	objectVersion = 56;
	objects = {

/* Begin PBXBuildFile section */
		041416032965ABDA00A97B4E /* SearchBar.swift in Sources */ = {isa = PBXBuildFile; fileRef = 041416022965ABDA00A97B4E /* SearchBar.swift */; };
		041416052965DCB400A97B4E /* CurrentWeatherViewModel.swift in Sources */ = {isa = PBXBuildFile; fileRef = 041416042965DCB400A97B4E /* CurrentWeatherViewModel.swift */; };
		0482130229648C98008E4AB0 /* WeatherDataModel.swift in Sources */ = {isa = PBXBuildFile; fileRef = 0482130129648C98008E4AB0 /* WeatherDataModel.swift */; };
		04821304296491E8008E4AB0 /* WeatherModel.swift in Sources */ = {isa = PBXBuildFile; fileRef = 04821303296491E8008E4AB0 /* WeatherModel.swift */; };
		048213092964A150008E4AB0 /* WeatherView.swift in Sources */ = {isa = PBXBuildFile; fileRef = 048213082964A150008E4AB0 /* WeatherView.swift */; };
		048213122964B591008E4AB0 /* WeatherRow.swift in Sources */ = {isa = PBXBuildFile; fileRef = 048213112964B591008E4AB0 /* WeatherRow.swift */; };
		048213152964B6DB008E4AB0 /* Extensions.swift in Sources */ = {isa = PBXBuildFile; fileRef = 048213142964B6DB008E4AB0 /* Extensions.swift */; };
		048213172964B90B008E4AB0 /* ImageLogo.swift in Sources */ = {isa = PBXBuildFile; fileRef = 048213162964B90B008E4AB0 /* ImageLogo.swift */; };
		04847D90296450E900049822 /* WeatherAppApp.swift in Sources */ = {isa = PBXBuildFile; fileRef = 04847D8F296450E900049822 /* WeatherAppApp.swift */; };
		04847D94296450ED00049822 /* Assets.xcassets in Resources */ = {isa = PBXBuildFile; fileRef = 04847D93296450ED00049822 /* Assets.xcassets */; };
		04847D97296450ED00049822 /* Preview Assets.xcassets in Resources */ = {isa = PBXBuildFile; fileRef = 04847D96296450ED00049822 /* Preview Assets.xcassets */; };
		04847DA72964755E00049822 /* LoadingView.swift in Sources */ = {isa = PBXBuildFile; fileRef = 04847DA62964755E00049822 /* LoadingView.swift */; };
/* End PBXBuildFile section */

/* Begin PBXFileReference section */
		041416022965ABDA00A97B4E /* SearchBar.swift */ = {isa = PBXFileReference; lastKnownFileType = sourcecode.swift; path = SearchBar.swift; sourceTree = "<group>"; };
		041416042965DCB400A97B4E /* CurrentWeatherViewModel.swift */ = {isa = PBXFileReference; lastKnownFileType = sourcecode.swift; path = CurrentWeatherViewModel.swift; sourceTree = "<group>"; };
		0482130129648C98008E4AB0 /* WeatherDataModel.swift */ = {isa = PBXFileReference; lastKnownFileType = sourcecode.swift; path = WeatherDataModel.swift; sourceTree = "<group>"; };
		04821303296491E8008E4AB0 /* WeatherModel.swift */ = {isa = PBXFileReference; lastKnownFileType = sourcecode.swift; path = WeatherModel.swift; sourceTree = "<group>"; };
		048213082964A150008E4AB0 /* WeatherView.swift */ = {isa = PBXFileReference; lastKnownFileType = sourcecode.swift; path = WeatherView.swift; sourceTree = "<group>"; };
		048213112964B591008E4AB0 /* WeatherRow.swift */ = {isa = PBXFileReference; lastKnownFileType = sourcecode.swift; path = WeatherRow.swift; sourceTree = "<group>"; };
		048213142964B6DB008E4AB0 /* Extensions.swift */ = {isa = PBXFileReference; lastKnownFileType = sourcecode.swift; path = Extensions.swift; sourceTree = "<group>"; };
		048213162964B90B008E4AB0 /* ImageLogo.swift */ = {isa = PBXFileReference; lastKnownFileType = sourcecode.swift; path = ImageLogo.swift; sourceTree = "<group>"; };
		04847D8C296450E900049822 /* WeatherApp.app */ = {isa = PBXFileReference; explicitFileType = wrapper.application; includeInIndex = 0; path = WeatherApp.app; sourceTree = BUILT_PRODUCTS_DIR; };
		04847D8F296450E900049822 /* WeatherAppApp.swift */ = {isa = PBXFileReference; lastKnownFileType = sourcecode.swift; path = WeatherAppApp.swift; sourceTree = "<group>"; };
		04847D93296450ED00049822 /* Assets.xcassets */ = {isa = PBXFileReference; lastKnownFileType = folder.assetcatalog; path = Assets.xcassets; sourceTree = "<group>"; };
		04847D96296450ED00049822 /* Preview Assets.xcassets */ = {isa = PBXFileReference; lastKnownFileType = folder.assetcatalog; path = "Preview Assets.xcassets"; sourceTree = "<group>"; };
		04847DA62964755E00049822 /* LoadingView.swift */ = {isa = PBXFileReference; lastKnownFileType = sourcecode.swift; path = LoadingView.swift; sourceTree = "<group>"; };
/* End PBXFileReference section */

/* Begin PBXFrameworksBuildPhase section */
		04847D89296450E900049822 /* Frameworks */ = {
			isa = PBXFrameworksBuildPhase;
			buildActionMask = 2147483647;
			files = (
			);
			runOnlyForDeploymentPostprocessing = 0;
		};
/* End PBXFrameworksBuildPhase section */

/* Begin PBXGroup section */
		048213132964B6C3008E4AB0 /* Extension */ = {
			isa = PBXGroup;
			children = (
				048213142964B6DB008E4AB0 /* Extensions.swift */,
			);
			path = Extension;
			sourceTree = "<group>";
		};
		04847D83296450E800049822 = {
			isa = PBXGroup;
			children = (
				04847D8E296450E900049822 /* WeatherApp */,
				04847D8D296450E900049822 /* Products */,
			);
			sourceTree = "<group>";
		};
		04847D8D296450E900049822 /* Products */ = {
			isa = PBXGroup;
			children = (
				04847D8C296450E900049822 /* WeatherApp.app */,
			);
			name = Products;
			sourceTree = "<group>";
		};
		04847D8E296450E900049822 /* WeatherApp */ = {
			isa = PBXGroup;
			children = (
				048213132964B6C3008E4AB0 /* Extension */,
				04847DA52964754500049822 /* Item */,
				04847D9E2964523F00049822 /* Model */,
				04847D9F2964524400049822 /* View */,
				04847DA02964524800049822 /* ViewModel */,
				04847D8F296450E900049822 /* WeatherAppApp.swift */,
				04847D93296450ED00049822 /* Assets.xcassets */,
				04847D95296450ED00049822 /* Preview Content */,
			);
			path = WeatherApp;
			sourceTree = "<group>";
		};
		04847D95296450ED00049822 /* Preview Content */ = {
			isa = PBXGroup;
			children = (
				04847D96296450ED00049822 /* Preview Assets.xcassets */,
			);
			path = "Preview Content";
			sourceTree = "<group>";
		};
		04847D9E2964523F00049822 /* Model */ = {
			isa = PBXGroup;
			children = (
				0482130129648C98008E4AB0 /* WeatherDataModel.swift */,
				04821303296491E8008E4AB0 /* WeatherModel.swift */,
			);
			path = Model;
			sourceTree = "<group>";
		};
		04847D9F2964524400049822 /* View */ = {
			isa = PBXGroup;
			children = (
				048213082964A150008E4AB0 /* WeatherView.swift */,
			);
			path = View;
			sourceTree = "<group>";
		};
		04847DA02964524800049822 /* ViewModel */ = {
			isa = PBXGroup;
			children = (
				041416042965DCB400A97B4E /* CurrentWeatherViewModel.swift */,
			);
			path = ViewModel;
			sourceTree = "<group>";
		};
		04847DA52964754500049822 /* Item */ = {
			isa = PBXGroup;
			children = (
				04847DA62964755E00049822 /* LoadingView.swift */,
				048213112964B591008E4AB0 /* WeatherRow.swift */,
				048213162964B90B008E4AB0 /* ImageLogo.swift */,
				041416022965ABDA00A97B4E /* SearchBar.swift */,
			);
			path = Item;
			sourceTree = "<group>";
		};
/* End PBXGroup section */

/* Begin PBXNativeTarget section */
		04847D8B296450E900049822 /* WeatherApp */ = {
			isa = PBXNativeTarget;
			buildConfigurationList = 04847D9A296450ED00049822 /* Build configuration list for PBXNativeTarget "WeatherApp" */;
			buildPhases = (
				04847D88296450E900049822 /* Sources */,
				04847D89296450E900049822 /* Frameworks */,
				04847D8A296450E900049822 /* Resources */,
			);
			buildRules = (
			);
			dependencies = (
			);
			name = WeatherApp;
			productName = WeatherApp;
			productReference = 04847D8C296450E900049822 /* WeatherApp.app */;
			productType = "com.apple.product-type.application";
		};
/* End PBXNativeTarget section */

/* Begin PBXProject section */
		04847D84296450E800049822 /* Project object */ = {
			isa = PBXProject;
			attributes = {
				BuildIndependentTargetsInParallel = 1;
				LastSwiftUpdateCheck = 1420;
				LastUpgradeCheck = 1420;
				TargetAttributes = {
					04847D8B296450E900049822 = {
						CreatedOnToolsVersion = 14.2;
					};
				};
			};
			buildConfigurationList = 04847D87296450E800049822 /* Build configuration list for PBXProject "WeatherApp" */;
			compatibilityVersion = "Xcode 14.0";
			developmentRegion = en;
			hasScannedForEncodings = 0;
			knownRegions = (
				en,
				Base,
			);
			mainGroup = 04847D83296450E800049822;
			productRefGroup = 04847D8D296450E900049822 /* Products */;
			projectDirPath = "";
			projectRoot = "";
			targets = (
				04847D8B296450E900049822 /* WeatherApp */,
			);
		};
/* End PBXProject section */

/* Begin PBXResourcesBuildPhase section */
		04847D8A296450E900049822 /* Resources */ = {
			isa = PBXResourcesBuildPhase;
			buildActionMask = 2147483647;
			files = (
				04847D97296450ED00049822 /* Preview Assets.xcassets in Resources */,
				04847D94296450ED00049822 /* Assets.xcassets in Resources */,
			);
			runOnlyForDeploymentPostprocessing = 0;
		};
/* End PBXResourcesBuildPhase section */

/* Begin PBXSourcesBuildPhase section */
		04847D88296450E900049822 /* Sources */ = {
			isa = PBXSourcesBuildPhase;
			buildActionMask = 2147483647;
			files = (
				041416052965DCB400A97B4E /* CurrentWeatherViewModel.swift in Sources */,
				041416032965ABDA00A97B4E /* SearchBar.swift in Sources */,
				048213172964B90B008E4AB0 /* ImageLogo.swift in Sources */,
				0482130229648C98008E4AB0 /* WeatherDataModel.swift in Sources */,
				048213122964B591008E4AB0 /* WeatherRow.swift in Sources */,
				04847D90296450E900049822 /* WeatherAppApp.swift in Sources */,
				048213092964A150008E4AB0 /* WeatherView.swift in Sources */,
				04847DA72964755E00049822 /* LoadingView.swift in Sources */,
				048213152964B6DB008E4AB0 /* Extensions.swift in Sources */,
				04821304296491E8008E4AB0 /* WeatherModel.swift in Sources */,
			);
			runOnlyForDeploymentPostprocessing = 0;
		};
/* End PBXSourcesBuildPhase section */

/* Begin XCBuildConfiguration section */
		04847D98296450ED00049822 /* Debug */ = {
			isa = XCBuildConfiguration;
			buildSettings = {
				ALWAYS_SEARCH_USER_PATHS = NO;
				CLANG_ANALYZER_NONNULL = YES;
				CLANG_ANALYZER_NUMBER_OBJECT_CONVERSION = YES_AGGRESSIVE;
				CLANG_CXX_LANGUAGE_STANDARD = "gnu++20";
				CLANG_ENABLE_MODULES = YES;
				CLANG_ENABLE_OBJC_ARC = YES;
				CLANG_ENABLE_OBJC_WEAK = YES;
				CLANG_WARN_BLOCK_CAPTURE_AUTORELEASING = YES;
				CLANG_WARN_BOOL_CONVERSION = YES;
				CLANG_WARN_COMMA = YES;
				CLANG_WARN_CONSTANT_CONVERSION = YES;
				CLANG_WARN_DEPRECATED_OBJC_IMPLEMENTATIONS = YES;
				CLANG_WARN_DIRECT_OBJC_ISA_USAGE = YES_ERROR;
				CLANG_WARN_DOCUMENTATION_COMMENTS = YES;
				CLANG_WARN_EMPTY_BODY = YES;
				CLANG_WARN_ENUM_CONVERSION = YES;
				CLANG_WARN_INFINITE_RECURSION = YES;
				CLANG_WARN_INT_CONVERSION = YES;
				CLANG_WARN_NON_LITERAL_NULL_CONVERSION = YES;
				CLANG_WARN_OBJC_IMPLICIT_RETAIN_SELF = YES;
				CLANG_WARN_OBJC_LITERAL_CONVERSION = YES;
				CLANG_WARN_OBJC_ROOT_CLASS = YES_ERROR;
				CLANG_WARN_QUOTED_INCLUDE_IN_FRAMEWORK_HEADER = YES;
				CLANG_WARN_RANGE_LOOP_ANALYSIS = YES;
				CLANG_WARN_STRICT_PROTOTYPES = YES;
				CLANG_WARN_SUSPICIOUS_MOVE = YES;
				CLANG_WARN_UNGUARDED_AVAILABILITY = YES_AGGRESSIVE;
				CLANG_WARN_UNREACHABLE_CODE = YES;
				CLANG_WARN__DUPLICATE_METHOD_MATCH = YES;
				COPY_PHASE_STRIP = NO;
				DEBUG_INFORMATION_FORMAT = dwarf;
				ENABLE_STRICT_OBJC_MSGSEND = YES;
				ENABLE_TESTABILITY = YES;
				GCC_C_LANGUAGE_STANDARD = gnu11;
				GCC_DYNAMIC_NO_PIC = NO;
				GCC_NO_COMMON_BLOCKS = YES;
				GCC_OPTIMIZATION_LEVEL = 0;
				GCC_PREPROCESSOR_DEFINITIONS = (
					"DEBUG=1",
					"$(inherited)",
				);
				GCC_WARN_64_TO_32_BIT_CONVERSION = YES;
				GCC_WARN_ABOUT_RETURN_TYPE = YES_ERROR;
				GCC_WARN_UNDECLARED_SELECTOR = YES;
				GCC_WARN_UNINITIALIZED_AUTOS = YES_AGGRESSIVE;
				GCC_WARN_UNUSED_FUNCTION = YES;
				GCC_WARN_UNUSED_VARIABLE = YES;
				IPHONEOS_DEPLOYMENT_TARGET = 16.2;
				MTL_ENABLE_DEBUG_INFO = INCLUDE_SOURCE;
				MTL_FAST_MATH = YES;
				ONLY_ACTIVE_ARCH = YES;
				SDKROOT = iphoneos;
				SWIFT_ACTIVE_COMPILATION_CONDITIONS = DEBUG;
				SWIFT_OPTIMIZATION_LEVEL = "-Onone";
			};
			name = Debug;
		};
		04847D99296450ED00049822 /* Release */ = {
			isa = XCBuildConfiguration;
			buildSettings = {
				ALWAYS_SEARCH_USER_PATHS = NO;
				CLANG_ANALYZER_NONNULL = YES;
				CLANG_ANALYZER_NUMBER_OBJECT_CONVERSION = YES_AGGRESSIVE;
				CLANG_CXX_LANGUAGE_STANDARD = "gnu++20";
				CLANG_ENABLE_MODULES = YES;
				CLANG_ENABLE_OBJC_ARC = YES;
				CLANG_ENABLE_OBJC_WEAK = YES;
				CLANG_WARN_BLOCK_CAPTURE_AUTORELEASING = YES;
				CLANG_WARN_BOOL_CONVERSION = YES;
				CLANG_WARN_COMMA = YES;
				CLANG_WARN_CONSTANT_CONVERSION = YES;
				CLANG_WARN_DEPRECATED_OBJC_IMPLEMENTATIONS = YES;
				CLANG_WARN_DIRECT_OBJC_ISA_USAGE = YES_ERROR;
				CLANG_WARN_DOCUMENTATION_COMMENTS = YES;
				CLANG_WARN_EMPTY_BODY = YES;
				CLANG_WARN_ENUM_CONVERSION = YES;
				CLANG_WARN_INFINITE_RECURSION = YES;
				CLANG_WARN_INT_CONVERSION = YES;
				CLANG_WARN_NON_LITERAL_NULL_CONVERSION = YES;
				CLANG_WARN_OBJC_IMPLICIT_RETAIN_SELF = YES;
				CLANG_WARN_OBJC_LITERAL_CONVERSION = YES;
				CLANG_WARN_OBJC_ROOT_CLASS = YES_ERROR;
				CLANG_WARN_QUOTED_INCLUDE_IN_FRAMEWORK_HEADER = YES;
				CLANG_WARN_RANGE_LOOP_ANALYSIS = YES;
				CLANG_WARN_STRICT_PROTOTYPES = YES;
				CLANG_WARN_SUSPICIOUS_MOVE = YES;
				CLANG_WARN_UNGUARDED_AVAILABILITY = YES_AGGRESSIVE;
				CLANG_WARN_UNREACHABLE_CODE = YES;
				CLANG_WARN__DUPLICATE_METHOD_MATCH = YES;
				COPY_PHASE_STRIP = NO;
				DEBUG_INFORMATION_FORMAT = "dwarf-with-dsym";
				ENABLE_NS_ASSERTIONS = NO;
				ENABLE_STRICT_OBJC_MSGSEND = YES;
				GCC_C_LANGUAGE_STANDARD = gnu11;
				GCC_NO_COMMON_BLOCKS = YES;
				GCC_WARN_64_TO_32_BIT_CONVERSION = YES;
				GCC_WARN_ABOUT_RETURN_TYPE = YES_ERROR;
				GCC_WARN_UNDECLARED_SELECTOR = YES;
				GCC_WARN_UNINITIALIZED_AUTOS = YES_AGGRESSIVE;
				GCC_WARN_UNUSED_FUNCTION = YES;
				GCC_WARN_UNUSED_VARIABLE = YES;
				IPHONEOS_DEPLOYMENT_TARGET = 16.2;
				MTL_ENABLE_DEBUG_INFO = NO;
				MTL_FAST_MATH = YES;
				SDKROOT = iphoneos;
				SWIFT_COMPILATION_MODE = wholemodule;
				SWIFT_OPTIMIZATION_LEVEL = "-O";
				VALIDATE_PRODUCT = YES;
			};
			name = Release;
		};
		04847D9B296450ED00049822 /* Debug */ = {
			isa = XCBuildConfiguration;
			buildSettings = {
				ASSETCATALOG_COMPILER_APPICON_NAME = AppIcon;
				ASSETCATALOG_COMPILER_GLOBAL_ACCENT_COLOR_NAME = AccentColor;
				CODE_SIGN_STYLE = Automatic;
				CURRENT_PROJECT_VERSION = 1;
				DEVELOPMENT_ASSET_PATHS = "\"WeatherApp/Preview Content\"";
				DEVELOPMENT_TEAM = YHZVJQ792Q;
				ENABLE_PREVIEWS = YES;
				GENERATE_INFOPLIST_FILE = YES;
				INFOPLIST_KEY_NSLocationWhenInUseUsageDescription = "$(PRODUCT_NAME) wants to access your location to get the current weather for where you are.";
				INFOPLIST_KEY_UIApplicationSceneManifest_Generation = YES;
				INFOPLIST_KEY_UIApplicationSupportsIndirectInputEvents = YES;
				INFOPLIST_KEY_UILaunchScreen_Generation = YES;
				INFOPLIST_KEY_UISupportedInterfaceOrientations = UIInterfaceOrientationPortrait;
				INFOPLIST_KEY_UISupportedInterfaceOrientations_iPad = "UIInterfaceOrientationLandscapeLeft UIInterfaceOrientationLandscapeRight UIInterfaceOrientationPortrait UIInterfaceOrientationPortraitUpsideDown";
				IPHONEOS_DEPLOYMENT_TARGET = 15.0;
				LD_RUNPATH_SEARCH_PATHS = (
					"$(inherited)",
					"@executable_path/Frameworks",
				);
				MARKETING_VERSION = 1.0;
				PRODUCT_BUNDLE_IDENTIFIER = com.blacenovas.WeatherApp;
				PRODUCT_NAME = "$(TARGET_NAME)";
				SWIFT_EMIT_LOC_STRINGS = YES;
				SWIFT_VERSION = 5.0;
				TARGETED_DEVICE_FAMILY = "1,2";
			};
			name = Debug;
		};
		04847D9C296450ED00049822 /* Release */ = {
			isa = XCBuildConfiguration;
			buildSettings = {
				ASSETCATALOG_COMPILER_APPICON_NAME = AppIcon;
				ASSETCATALOG_COMPILER_GLOBAL_ACCENT_COLOR_NAME = AccentColor;
				CODE_SIGN_STYLE = Automatic;
				CURRENT_PROJECT_VERSION = 1;
				DEVELOPMENT_ASSET_PATHS = "\"WeatherApp/Preview Content\"";
				DEVELOPMENT_TEAM = YHZVJQ792Q;
				ENABLE_PREVIEWS = YES;
				GENERATE_INFOPLIST_FILE = YES;
				INFOPLIST_KEY_NSLocationWhenInUseUsageDescription = "$(PRODUCT_NAME) wants to access your location to get the current weather for where you are.";
				INFOPLIST_KEY_UIApplicationSceneManifest_Generation = YES;
				INFOPLIST_KEY_UIApplicationSupportsIndirectInputEvents = YES;
				INFOPLIST_KEY_UILaunchScreen_Generation = YES;
				INFOPLIST_KEY_UISupportedInterfaceOrientations = UIInterfaceOrientationPortrait;
				INFOPLIST_KEY_UISupportedInterfaceOrientations_iPad = "UIInterfaceOrientationLandscapeLeft UIInterfaceOrientationLandscapeRight UIInterfaceOrientationPortrait UIInterfaceOrientationPortraitUpsideDown";
				IPHONEOS_DEPLOYMENT_TARGET = 15.0;
				LD_RUNPATH_SEARCH_PATHS = (
					"$(inherited)",
					"@executable_path/Frameworks",
				);
				MARKETING_VERSION = 1.0;
				PRODUCT_BUNDLE_IDENTIFIER = com.blacenovas.WeatherApp;
				PRODUCT_NAME = "$(TARGET_NAME)";
				SWIFT_EMIT_LOC_STRINGS = YES;
				SWIFT_VERSION = 5.0;
				TARGETED_DEVICE_FAMILY = "1,2";
			};
			name = Release;
		};
/* End XCBuildConfiguration section */

/* Begin XCConfigurationList section */
		04847D87296450E800049822 /* Build configuration list for PBXProject "WeatherApp" */ = {
			isa = XCConfigurationList;
			buildConfigurations = (
				04847D98296450ED00049822 /* Debug */,
				04847D99296450ED00049822 /* Release */,
			);
			defaultConfigurationIsVisible = 0;
			defaultConfigurationName = Release;
		};
		04847D9A296450ED00049822 /* Build configuration list for PBXNativeTarget "WeatherApp" */ = {
			isa = XCConfigurationList;
			buildConfigurations = (
				04847D9B296450ED00049822 /* Debug */,
				04847D9C296450ED00049822 /* Release */,
			);
			defaultConfigurationIsVisible = 0;
			defaultConfigurationName = Release;
		};
/* End XCConfigurationList section */
	};
	rootObject = 04847D84296450E800049822 /* Project object */;
}
